
Microsoft Visual Studio Solution File, Format Version 12.00
# Visual Studio 15
VisualStudioVersion = 15.0.26430.16
MinimumVisualStudioVersion = 10.0.40219.1
Project("{FAE04EC0-301F-11D3-BF4B-00C04F79EFBC}") = "DemoLaskin", "DemoLaskin\DemoLaskin.csproj", "{CC68E090-32F9-4142-8D6B-19D75BAFABCA}"
EndProject
Global
	GlobalSection(SolutionConfigurationPlatforms) = preSolution
		Debug|Any CPU = Debug|Any CPU
		Release|Any CPU = Release|Any CPU
	EndGlobalSection
	GlobalSection(ProjectConfigurationPlatforms) = postSolution
		{CC68E090-32F9-4142-8D6B-19D75BAFABCA}.Debug|Any CPU.ActiveCfg = Debug|Any CPU
		{CC68E090-32F9-4142-8D6B-19D75BAFABCA}.Debug|Any CPU.Build.0 = Debug|Any CPU
		{CC68E090-32F9-4142-8D6B-19D75BAFABCA}.Release|Any CPU.ActiveCfg = Release|Any CPU
		{CC68E090-32F9-4142-8D6B-19D75BAFABCA}.Release|Any CPU.Build.0 = Release|Any CPU
	EndGlobalSection
	GlobalSection(SolutionProperties) = preSolution
		HideSolutionNode = FALSE
	EndGlobalSection
EndGlobal
